Microsoft Visual Studio Solution File, Format Version 12.00
# Visual Studio Version 17
VisualStudioVersion = 17.5.2.0
MinimumVisualStudioVersion = 10.0.40219.1
Project("{FAE04EC0-301F-11D3-BF4B-00C04F79EFBC}") = "CompanyTree", "CompanyTree.csproj", "{B17D5C1D-0176-ECB3-8FB8-1C819FA9A105}"
EndProject
Global
	GlobalSection(SolutionConfigurationPlatforms) = preSolution
		Debug|Any CPU = Debug|Any CPU
		Release|Any CPU = Release|Any CPU
	EndGlobalSection
	GlobalSection(ProjectConfigurationPlatforms) = postSolution
		{B17D5C1D-0176-ECB3-8FB8-1C819FA9A105}.Debug|Any CPU.ActiveCfg = Debug|Any CPU
		{B17D5C1D-0176-ECB3-8FB8-1C819FA9A105}.Debug|Any CPU.Build.0 = Debug|Any CPU
		{B17D5C1D-0176-ECB3-8FB8-1C819FA9A105}.Release|Any CPU.ActiveCfg = Release|Any CPU
		{B17D5C1D-0176-ECB3-8FB8-1C819FA9A105}.Release|Any CPU.Build.0 = Release|Any CPU
	EndGlobalSection
	GlobalSection(SolutionProperties) = preSolution
		HideSolutionNode = FALSE
	EndGlobalSection
	GlobalSection(ExtensibilityGlobals) = postSolution
		SolutionGuid = {97F06537-4B49-4A74-82B4-349F7CA1A521}
	EndGlobalSection
EndGlobal
