Microsoft Visual Studio Solution File, Format Version 12.00
# Visual Studio Version 17
VisualStudioVersion = 17.5.2.0
MinimumVisualStudioVersion = 10.0.40219.1
Project("{FAE04EC0-301F-11D3-BF4B-00C04F79EFBC}") = "ArvoreBinaria", "ArvoreBinaria.csproj", "{7409AFAE-03A5-2989-6D2E-A8CD615803C6}"
EndProject
Global
	GlobalSection(SolutionConfigurationPlatforms) = preSolution
		Debug|Any CPU = Debug|Any CPU
		Release|Any CPU = Release|Any CPU
	EndGlobalSection
	GlobalSection(ProjectConfigurationPlatforms) = postSolution
		{7409AFAE-03A5-2989-6D2E-A8CD615803C6}.Debug|Any CPU.ActiveCfg = Debug|Any CPU
		{7409AFAE-03A5-2989-6D2E-A8CD615803C6}.Debug|Any CPU.Build.0 = Debug|Any CPU
		{7409AFAE-03A5-2989-6D2E-A8CD615803C6}.Release|Any CPU.ActiveCfg = Release|Any CPU
		{7409AFAE-03A5-2989-6D2E-A8CD615803C6}.Release|Any CPU.Build.0 = Release|Any CPU
	EndGlobalSection
	GlobalSection(SolutionProperties) = preSolution
		HideSolutionNode = FALSE
	EndGlobalSection
	GlobalSection(ExtensibilityGlobals) = postSolution
		SolutionGuid = {AE4B7459-BEF1-4957-9E7C-3360B5DC452F}
	EndGlobalSection
EndGlobal
