Microsoft Visual Studio Solution File, Format Version 12.00
# Visual Studio Version 17
VisualStudioVersion = 17.5.2.0
MinimumVisualStudioVersion = 10.0.40219.1
Project("{FAE04EC0-301F-11D3-BF4B-00C04F79EFBC}") = "Arvores", "Arvores.csproj", "{6B4759AE-1A9F-89B9-0C26-BAFE6182E697}"
EndProject
Global
	GlobalSection(SolutionConfigurationPlatforms) = preSolution
		Debug|Any CPU = Debug|Any CPU
		Release|Any CPU = Release|Any CPU
	EndGlobalSection
	GlobalSection(ProjectConfigurationPlatforms) = postSolution
		{6B4759AE-1A9F-89B9-0C26-BAFE6182E697}.Debug|Any CPU.ActiveCfg = Debug|Any CPU
		{6B4759AE-1A9F-89B9-0C26-BAFE6182E697}.Debug|Any CPU.Build.0 = Debug|Any CPU
		{6B4759AE-1A9F-89B9-0C26-BAFE6182E697}.Release|Any CPU.ActiveCfg = Release|Any CPU
		{6B4759AE-1A9F-89B9-0C26-BAFE6182E697}.Release|Any CPU.Build.0 = Release|Any CPU
	EndGlobalSection
	GlobalSection(SolutionProperties) = preSolution
		HideSolutionNode = FALSE
	EndGlobalSection
	GlobalSection(ExtensibilityGlobals) = postSolution
		SolutionGuid = {401FE641-282F-44DC-B9B7-ECF008E1E051}
	EndGlobalSection
EndGlobal
